
Microsoft Visual Studio Solution File, Format Version 12.00
# Visual Studio Version 16
VisualStudioVersion = 16.0.30204.135
MinimumVisualStudioVersion = 10.0.40219.1
Project("{9A19103F-16F7-4668-BE54-9A1E7A4F7556}") = "SystemObject", "SystemObject\SystemObject.csproj", "{596C947F-16D8-48D5-8B48-CE5DD2982F88}"
EndProject
Project("{2150E333-8FDC-42A3-9474-1A3956D46DE8}") = "WebUI", "WebUI", "{039D66AF-A67D-422D-A787-4E448EA55FC1}"
EndProject
Global
	GlobalSection(SolutionConfigurationPlatforms) = preSolution
		Debug|Any CPU = Debug|Any CPU
		Release|Any CPU = Release|Any CPU
	EndGlobalSection
	GlobalSection(ProjectConfigurationPlatforms) = postSolution
		{596C947F-16D8-48D5-8B48-CE5DD2982F88}.Debug|Any CPU.ActiveCfg = Debug|Any CPU
		{596C947F-16D8-48D5-8B48-CE5DD2982F88}.Debug|Any CPU.Build.0 = Debug|Any CPU
		{596C947F-16D8-48D5-8B48-CE5DD2982F88}.Release|Any CPU.ActiveCfg = Release|Any CPU
		{596C947F-16D8-48D5-8B48-CE5DD2982F88}.Release|Any CPU.Build.0 = Release|Any CPU
	EndGlobalSection
	GlobalSection(SolutionProperties) = preSolution
		HideSolutionNode = FALSE
	EndGlobalSection
	GlobalSection(NestedProjects) = preSolution
		{596C947F-16D8-48D5-8B48-CE5DD2982F88} = {039D66AF-A67D-422D-A787-4E448EA55FC1}
	EndGlobalSection
	GlobalSection(ExtensibilityGlobals) = postSolution
		SolutionGuid = {D5341370-9E76-4A6B-8876-DC80A22E48DE}
	EndGlobalSection
EndGlobal
